
Microsoft Visual Studio Solution File, Format Version 12.00
# Visual Studio 2013
VisualStudioVersion = 12.0.40629.0
MinimumVisualStudioVersion = 10.0.40219.1
Project("{FAE04EC0-301F-11D3-BF4B-00C04F79EFBC}") = "ImageBaconCypher2", "ImageBaconCypher2\ImageBaconCypher2.csproj", "{04FF723C-758E-4102-8A7F-84CA6E973FA5}"
EndProject
Project("{FAE04EC0-301F-11D3-BF4B-00C04F79EFBC}") = "RainstormStudios", "..\RainstormStudios\Project Files\RainstormStudios\RainstormStudios.csproj", "{2B3495A5-12D8-46AF-9A15-4591BC67218E}"
EndProject
Project("{FAE04EC0-301F-11D3-BF4B-00C04F79EFBC}") = "RainstormStudios.Controls", "..\RainstormStudios\Project Files\RainstormStudios.Controls\RainstormStudios.Controls.csproj", "{B2349047-501B-40FF-A45F-B5E1FAEC1CF8}"
EndProject
Project("{FAE04EC0-301F-11D3-BF4B-00C04F79EFBC}") = "RainstormStudios.Drawing", "..\RainstormStudios\Project Files\RainstormStudios.Drawing\RainstormStudios.Drawing.csproj", "{7FCDA335-1F3C-438F-AEE7-BC86F58E6670}"
EndProject
Global
	GlobalSection(SolutionConfigurationPlatforms) = preSolution
		Debug|Any CPU = Debug|Any CPU
		Debug|Mixed Platforms = Debug|Mixed Platforms
		Debug|x86 = Debug|x86
		Release|Any CPU = Release|Any CPU
		Release|Mixed Platforms = Release|Mixed Platforms
		Release|x86 = Release|x86
	EndGlobalSection
	GlobalSection(ProjectConfigurationPlatforms) = postSolution
		{04FF723C-758E-4102-8A7F-84CA6E973FA5}.Debug|Any CPU.ActiveCfg = Debug|x86
		{04FF723C-758E-4102-8A7F-84CA6E973FA5}.Debug|Mixed Platforms.ActiveCfg = Debug|x86
		{04FF723C-758E-4102-8A7F-84CA6E973FA5}.Debug|Mixed Platforms.Build.0 = Debug|x86
		{04FF723C-758E-4102-8A7F-84CA6E973FA5}.Debug|x86.ActiveCfg = Debug|x86
		{04FF723C-758E-4102-8A7F-84CA6E973FA5}.Debug|x86.Build.0 = Debug|x86
		{04FF723C-758E-4102-8A7F-84CA6E973FA5}.Release|Any CPU.ActiveCfg = Release|x86
		{04FF723C-758E-4102-8A7F-84CA6E973FA5}.Release|Mixed Platforms.ActiveCfg = Release|x86
		{04FF723C-758E-4102-8A7F-84CA6E973FA5}.Release|Mixed Platforms.Build.0 = Release|x86
		{04FF723C-758E-4102-8A7F-84CA6E973FA5}.Release|x86.ActiveCfg = Release|x86
		{04FF723C-758E-4102-8A7F-84CA6E973FA5}.Release|x86.Build.0 = Release|x86
		{2B3495A5-12D8-46AF-9A15-4591BC67218E}.Debug|Any CPU.ActiveCfg = Debug|Any CPU
		{2B3495A5-12D8-46AF-9A15-4591BC67218E}.Debug|Any CPU.Build.0 = Debug|Any CPU
		{2B3495A5-12D8-46AF-9A15-4591BC67218E}.Debug|Mixed Platforms.ActiveCfg = Debug|Any CPU
		{2B3495A5-12D8-46AF-9A15-4591BC67218E}.Debug|Mixed Platforms.Build.0 = Debug|Any CPU
		{2B3495A5-12D8-46AF-9A15-4591BC67218E}.Debug|x86.ActiveCfg = Debug|Any CPU
		{2B3495A5-12D8-46AF-9A15-4591BC67218E}.Release|Any CPU.ActiveCfg = Release|Any CPU
		{2B3495A5-12D8-46AF-9A15-4591BC67218E}.Release|Any CPU.Build.0 = Release|Any CPU
		{2B3495A5-12D8-46AF-9A15-4591BC67218E}.Release|Mixed Platforms.ActiveCfg = Release|Any CPU
		{2B3495A5-12D8-46AF-9A15-4591BC67218E}.Release|Mixed Platforms.Build.0 = Release|Any CPU
		{2B3495A5-12D8-46AF-9A15-4591BC67218E}.Release|x86.ActiveCfg = Release|Any CPU
		{B2349047-501B-40FF-A45F-B5E1FAEC1CF8}.Debug|Any CPU.ActiveCfg = Debug|Any CPU
		{B2349047-501B-40FF-A45F-B5E1FAEC1CF8}.Debug|Any CPU.Build.0 = Debug|Any CPU
		{B2349047-501B-40FF-A45F-B5E1FAEC1CF8}.Debug|Mixed Platforms.ActiveCfg = Debug|Any CPU
		{B2349047-501B-40FF-A45F-B5E1FAEC1CF8}.Debug|Mixed Platforms.Build.0 = Debug|Any CPU
		{B2349047-501B-40FF-A45F-B5E1FAEC1CF8}.Debug|x86.ActiveCfg = Debug|Any CPU
		{B2349047-501B-40FF-A45F-B5E1FAEC1CF8}.Release|Any CPU.ActiveCfg = Release|Any CPU
		{B2349047-501B-40FF-A45F-B5E1FAEC1CF8}.Release|Any CPU.Build.0 = Release|Any CPU
		{B2349047-501B-40FF-A45F-B5E1FAEC1CF8}.Release|Mixed Platforms.ActiveCfg = Release|Any CPU
		{B2349047-501B-40FF-A45F-B5E1FAEC1CF8}.Release|Mixed Platforms.Build.0 = Release|Any CPU
		{B2349047-501B-40FF-A45F-B5E1FAEC1CF8}.Release|x86.ActiveCfg = Release|Any CPU
		{7FCDA335-1F3C-438F-AEE7-BC86F58E6670}.Debug|Any CPU.ActiveCfg = Debug|Any CPU
		{7FCDA335-1F3C-438F-AEE7-BC86F58E6670}.Debug|Any CPU.Build.0 = Debug|Any CPU
		{7FCDA335-1F3C-438F-AEE7-BC86F58E6670}.Debug|Mixed Platforms.ActiveCfg = Debug|Any CPU
		{7FCDA335-1F3C-438F-AEE7-BC86F58E6670}.Debug|Mixed Platforms.Build.0 = Debug|Any CPU
		{7FCDA335-1F3C-438F-AEE7-BC86F58E6670}.Debug|x86.ActiveCfg = Debug|Any CPU
		{7FCDA335-1F3C-438F-AEE7-BC86F58E6670}.Release|Any CPU.ActiveCfg = Release|Any CPU
		{7FCDA335-1F3C-438F-AEE7-BC86F58E6670}.Release|Any CPU.Build.0 = Release|Any CPU
		{7FCDA335-1F3C-438F-AEE7-BC86F58E6670}.Release|Mixed Platforms.ActiveCfg = Release|Any CPU
		{7FCDA335-1F3C-438F-AEE7-BC86F58E6670}.Release|Mixed Platforms.Build.0 = Release|Any CPU
		{7FCDA335-1F3C-438F-AEE7-BC86F58E6670}.Release|x86.ActiveCfg = Release|Any CPU
	EndGlobalSection
	GlobalSection(SolutionProperties) = preSolution
		HideSolutionNode = FALSE
	EndGlobalSection
EndGlobal
